// !$*UTF8*$!
{
	archiveVersion = 1;
	classes = {
	};
	objectVersion = 56;
	objects = {

/* Begin PBXBuildFile section */
		1448EF112A760F26009BAC7F /* AppDelegate.swift in Sources */ = {isa = PBXBuildFile; fileRef = 1448EF102A760F26009BAC7F /* AppDelegate.swift */; };
		1448EF132A760F26009BAC7F /* SceneDelegate.swift in Sources */ = {isa = PBXBuildFile; fileRef = 1448EF122A760F26009BAC7F /* SceneDelegate.swift */; };
		1448EF152A760F26009BAC7F /* MovieTableViewController.swift in Sources */ = {isa = PBXBuildFile; fileRef = 1448EF142A760F26009BAC7F /* MovieTableViewController.swift */; };
		1448EF182A760F26009BAC7F /* Main.storyboard in Resources */ = {isa = PBXBuildFile; fileRef = 1448EF162A760F26009BAC7F /* Main.storyboard */; };
		1448EF1A2A760F28009BAC7F /* Assets.xcassets in Resources */ = {isa = PBXBuildFile; fileRef = 1448EF192A760F28009BAC7F /* Assets.xcassets */; };
		1448EF1D2A760F28009BAC7F /* LaunchScreen.storyboard in Resources */ = {isa = PBXBuildFile; fileRef = 1448EF1B2A760F28009BAC7F /* LaunchScreen.storyboard */; };
		1448EF252A760FC3009BAC7F /* MovieInfo.swift in Sources */ = {isa = PBXBuildFile; fileRef = 1448EF242A760FC3009BAC7F /* MovieInfo.swift */; };
		1448EF2A2A76204D009BAC7F /* MovieTableViewCell.swift in Sources */ = {isa = PBXBuildFile; fileRef = 1448EF292A76204D009BAC7F /* MovieTableViewCell.swift */; };
		1448EF2C2A762112009BAC7F /* Movie.swift in Sources */ = {isa = PBXBuildFile; fileRef = 1448EF2B2A762112009BAC7F /* Movie.swift */; };
		1448EF2E2A7633AA009BAC7F /* MovieDetailTableViewController.swift in Sources */ = {isa = PBXBuildFile; fileRef = 1448EF2D2A7633AA009BAC7F /* MovieDetailTableViewController.swift */; };
		1448EF662A779A6E009BAC7F /* MovieCollectionViewController.swift in Sources */ = {isa = PBXBuildFile; fileRef = 1448EF652A779A6E009BAC7F /* MovieCollectionViewController.swift */; };
		1448EF692A779A80009BAC7F /* MovieCollectionViewCell.swift in Sources */ = {isa = PBXBuildFile; fileRef = 1448EF672A779A80009BAC7F /* MovieCollectionViewCell.swift */; };
		1448EF6A2A779A80009BAC7F /* MovieCollectionViewCell.xib in Resources */ = {isa = PBXBuildFile; fileRef = 1448EF682A779A80009BAC7F /* MovieCollectionViewCell.xib */; };
		1448EF6C2A77AB13009BAC7F /* SearchViewController.swift in Sources */ = {isa = PBXBuildFile; fileRef = 1448EF6B2A77AB13009BAC7F /* SearchViewController.swift */; };
		1448EF6E2A77B129009BAC7F /* MovieDetailViewController.swift in Sources */ = {isa = PBXBuildFile; fileRef = 1448EF6D2A77B129009BAC7F /* MovieDetailViewController.swift */; };
		1454B6BB2A821F8700B8FD01 /* Alamofire in Frameworks */ = {isa = PBXBuildFile; productRef = 1454B6BA2A821F8700B8FD01 /* Alamofire */; };
		1454B6BE2A821F9200B8FD01 /* SwiftyJSON in Frameworks */ = {isa = PBXBuildFile; productRef = 1454B6BD2A821F9200B8FD01 /* SwiftyJSON */; };
		1454B6C02A8222B900B8FD01 /* .gitignore in Resources */ = {isa = PBXBuildFile; fileRef = 1454B6BF2A8222B900B8FD01 /* .gitignore */; };
		1454B6C22A8222DB00B8FD01 /* APIKey.swift in Sources */ = {isa = PBXBuildFile; fileRef = 1454B6C12A8222DB00B8FD01 /* APIKey.swift */; };
		1454B6C42A8226E800B8FD01 /* LibraryCollectionViewCell.swift in Sources */ = {isa = PBXBuildFile; fileRef = 1454B6C32A8226E800B8FD01 /* LibraryCollectionViewCell.swift */; };
		14D093AE2A7A359100DFF53B /* LookViewController.swift in Sources */ = {isa = PBXBuildFile; fileRef = 14D093AD2A7A359100DFF53B /* LookViewController.swift */; };
		14D093B32A7A367B00DFF53B /* RecentlyCollectionViewCell.swift in Sources */ = {isa = PBXBuildFile; fileRef = 14D093B12A7A367B00DFF53B /* RecentlyCollectionViewCell.swift */; };
		14D093B42A7A367B00DFF53B /* RecentlyCollectionViewCell.xib in Resources */ = {isa = PBXBuildFile; fileRef = 14D093B22A7A367B00DFF53B /* RecentlyCollectionViewCell.xib */; };
		14D093B72A7A369200DFF53B /* PopularTableViewCell.swift in Sources */ = {isa = PBXBuildFile; fileRef = 14D093B52A7A369200DFF53B /* PopularTableViewCell.swift */; };
		14D093B82A7A369200DFF53B /* PopularTableViewCell.xib in Resources */ = {isa = PBXBuildFile; fileRef = 14D093B62A7A369200DFF53B /* PopularTableViewCell.xib */; };
		14FB248B2A77B97D008FE6F4 /* MainTabBarViewController.swift in Sources */ = {isa = PBXBuildFile; fileRef = 14FB248A2A77B97D008FE6F4 /* MainTabBarViewController.swift */; };
/* End PBXBuildFile section */

/* Begin PBXFileReference section */
		1448EF0D2A760F26009BAC7F /* MoiveList.app */ = {isa = PBXFileReference; explicitFileType = wrapper.application; includeInIndex = 0; path = MoiveList.app; sourceTree = BUILT_PRODUCTS_DIR; };
		1448EF102A760F26009BAC7F /* AppDelegate.swift */ = {isa = PBXFileReference; lastKnownFileType = sourcecode.swift; path = AppDelegate.swift; sourceTree = "<group>"; };
		1448EF122A760F26009BAC7F /* SceneDelegate.swift */ = {isa = PBXFileReference; lastKnownFileType = sourcecode.swift; path = SceneDelegate.swift; sourceTree = "<group>"; };
		1448EF142A760F26009BAC7F /* MovieTableViewController.swift */ = {isa = PBXFileReference; lastKnownFileType = sourcecode.swift; path = MovieTableViewController.swift; sourceTree = "<group>"; };
		1448EF172A760F26009BAC7F /* Base */ = {isa = PBXFileReference; lastKnownFileType = file.storyboard; name = Base; path = Base.lproj/Main.storyboard; sourceTree = "<group>"; };
		1448EF192A760F28009BAC7F /* Assets.xcassets */ = {isa = PBXFileReference; lastKnownFileType = folder.assetcatalog; path = Assets.xcassets; sourceTree = "<group>"; };
		1448EF1C2A760F28009BAC7F /* Base */ = {isa = PBXFileReference; lastKnownFileType = file.storyboard; name = Base; path = Base.lproj/LaunchScreen.storyboard; sourceTree = "<group>"; };
		1448EF1E2A760F28009BAC7F /* Info.plist */ = {isa = PBXFileReference; lastKnownFileType = text.plist.xml; path = Info.plist; sourceTree = "<group>"; };
		1448EF242A760FC3009BAC7F /* MovieInfo.swift */ = {isa = PBXFileReference; fileEncoding = 4; lastKnownFileType = sourcecode.swift; path = MovieInfo.swift; sourceTree = "<group>"; };
		1448EF292A76204D009BAC7F /* MovieTableViewCell.swift */ = {isa = PBXFileReference; lastKnownFileType = sourcecode.swift; path = MovieTableViewCell.swift; sourceTree = "<group>"; };
		1448EF2B2A762112009BAC7F /* Movie.swift */ = {isa = PBXFileReference; lastKnownFileType = sourcecode.swift; path = Movie.swift; sourceTree = "<group>"; };
		1448EF2D2A7633AA009BAC7F /* MovieDetailTableViewController.swift */ = {isa = PBXFileReference; lastKnownFileType = sourcecode.swift; path = MovieDetailTableViewController.swift; sourceTree = "<group>"; };
		1448EF652A779A6E009BAC7F /* MovieCollectionViewController.swift */ = {isa = PBXFileReference; lastKnownFileType = sourcecode.swift; path = MovieCollectionViewController.swift; sourceTree = "<group>"; };
		1448EF672A779A80009BAC7F /* MovieCollectionViewCell.swift */ = {isa = PBXFileReference; lastKnownFileType = sourcecode.swift; path = MovieCollectionViewCell.swift; sourceTree = "<group>"; };
		1448EF682A779A80009BAC7F /* MovieCollectionViewCell.xib */ = {isa = PBXFileReference; lastKnownFileType = file.xib; path = MovieCollectionViewCell.xib; sourceTree = "<group>"; };
		1448EF6B2A77AB13009BAC7F /* SearchViewController.swift */ = {isa = PBXFileReference; lastKnownFileType = sourcecode.swift; path = SearchViewController.swift; sourceTree = "<group>"; };
		1448EF6D2A77B129009BAC7F /* MovieDetailViewController.swift */ = {isa = PBXFileReference; lastKnownFileType = sourcecode.swift; path = MovieDetailViewController.swift; sourceTree = "<group>"; };
		1454B6BF2A8222B900B8FD01 /* .gitignore */ = {isa = PBXFileReference; lastKnownFileType = text; path = .gitignore; sourceTree = "<group>"; };
		1454B6C12A8222DB00B8FD01 /* APIKey.swift */ = {isa = PBXFileReference; lastKnownFileType = sourcecode.swift; path = APIKey.swift; sourceTree = "<group>"; };
		1454B6C32A8226E800B8FD01 /* LibraryCollectionViewCell.swift */ = {isa = PBXFileReference; lastKnownFileType = sourcecode.swift; path = LibraryCollectionViewCell.swift; sourceTree = "<group>"; };
		14D093AD2A7A359100DFF53B /* LookViewController.swift */ = {isa = PBXFileReference; lastKnownFileType = sourcecode.swift; path = LookViewController.swift; sourceTree = "<group>"; };
		14D093B12A7A367B00DFF53B /* RecentlyCollectionViewCell.swift */ = {isa = PBXFileReference; lastKnownFileType = sourcecode.swift; path = RecentlyCollectionViewCell.swift; sourceTree = "<group>"; };
		14D093B22A7A367B00DFF53B /* RecentlyCollectionViewCell.xib */ = {isa = PBXFileReference; lastKnownFileType = file.xib; path = RecentlyCollectionViewCell.xib; sourceTree = "<group>"; };
		14D093B52A7A369200DFF53B /* PopularTableViewCell.swift */ = {isa = PBXFileReference; lastKnownFileType = sourcecode.swift; path = PopularTableViewCell.swift; sourceTree = "<group>"; };
		14D093B62A7A369200DFF53B /* PopularTableViewCell.xib */ = {isa = PBXFileReference; lastKnownFileType = file.xib; path = PopularTableViewCell.xib; sourceTree = "<group>"; };
		14FB248A2A77B97D008FE6F4 /* MainTabBarViewController.swift */ = {isa = PBXFileReference; lastKnownFileType = sourcecode.swift; path = MainTabBarViewController.swift; sourceTree = "<group>"; };
/* End PBXFileReference section */

/* Begin PBXFrameworksBuildPhase section */
		1448EF0A2A760F26009BAC7F /* Frameworks */ = {
			isa = PBXFrameworksBuildPhase;
			buildActionMask = 2147483647;
			files = (
				1454B6BE2A821F9200B8FD01 /* SwiftyJSON in Frameworks */,
				1454B6BB2A821F8700B8FD01 /* Alamofire in Frameworks */,
			);
			runOnlyForDeploymentPostprocessing = 0;
		};
/* End PBXFrameworksBuildPhase section */

/* Begin PBXGroup section */
		1448EF042A760F26009BAC7F = {
			isa = PBXGroup;
			children = (
				1448EF0F2A760F26009BAC7F /* MoiveList */,
				1448EF0E2A760F26009BAC7F /* Products */,
			);
			sourceTree = "<group>";
		};
		1448EF0E2A760F26009BAC7F /* Products */ = {
			isa = PBXGroup;
			children = (
				1448EF0D2A760F26009BAC7F /* MoiveList.app */,
			);
			name = Products;
			sourceTree = "<group>";
		};
		1448EF0F2A760F26009BAC7F /* MoiveList */ = {
			isa = PBXGroup;
			children = (
				1448EF102A760F26009BAC7F /* AppDelegate.swift */,
				1448EF122A760F26009BAC7F /* SceneDelegate.swift */,
				1454B6C12A8222DB00B8FD01 /* APIKey.swift */,
				1454B6BF2A8222B900B8FD01 /* .gitignore */,
				1448EF262A762015009BAC7F /* Model */,
				14FB248C2A77E16F008FE6F4 /* View */,
				1448EF272A76201E009BAC7F /* Controller */,
				1448EF162A760F26009BAC7F /* Main.storyboard */,
				1448EF192A760F28009BAC7F /* Assets.xcassets */,
				1448EF1B2A760F28009BAC7F /* LaunchScreen.storyboard */,
				1448EF1E2A760F28009BAC7F /* Info.plist */,
			);
			path = MoiveList;
			sourceTree = "<group>";
		};
		1448EF262A762015009BAC7F /* Model */ = {
			isa = PBXGroup;
			children = (
				1448EF2B2A762112009BAC7F /* Movie.swift */,
				1448EF242A760FC3009BAC7F /* MovieInfo.swift */,
			);
			path = Model;
			sourceTree = "<group>";
		};
		1448EF272A76201E009BAC7F /* Controller */ = {
			isa = PBXGroup;
			children = (
				14D093B92A7A369A00DFF53B /* LookViewController */,
				14FB248A2A77B97D008FE6F4 /* MainTabBarViewController.swift */,
				1448EF6B2A77AB13009BAC7F /* SearchViewController.swift */,
				1454B6C32A8226E800B8FD01 /* LibraryCollectionViewCell.swift */,
				1448EF6F2A77B12E009BAC7F /* TableView */,
				1448EF702A77B135009BAC7F /* CollectionView */,
			);
			path = Controller;
			sourceTree = "<group>";
		};
		1448EF6F2A77B12E009BAC7F /* TableView */ = {
			isa = PBXGroup;
			children = (
				1448EF142A760F26009BAC7F /* MovieTableViewController.swift */,
				1448EF2D2A7633AA009BAC7F /* MovieDetailTableViewController.swift */,
				1448EF712A77B161009BAC7F /* Cell */,
			);
			path = TableView;
			sourceTree = "<group>";
		};
		1448EF702A77B135009BAC7F /* CollectionView */ = {
			isa = PBXGroup;
			children = (
				1448EF652A779A6E009BAC7F /* MovieCollectionViewController.swift */,
				1448EF6D2A77B129009BAC7F /* MovieDetailViewController.swift */,
				14FB24892A77B25A008FE6F4 /* Cell */,
			);
			path = CollectionView;
			sourceTree = "<group>";
		};
		1448EF712A77B161009BAC7F /* Cell */ = {
			isa = PBXGroup;
			children = (
				1448EF292A76204D009BAC7F /* MovieTableViewCell.swift */,
			);
			path = Cell;
			sourceTree = "<group>";
		};
		14D093B92A7A369A00DFF53B /* LookViewController */ = {
			isa = PBXGroup;
			children = (
				14D093AD2A7A359100DFF53B /* LookViewController.swift */,
				14D093BB2A7A36AF00DFF53B /* RecentlyCollectionView */,
				14D093BA2A7A36A400DFF53B /* PopularTableView */,
			);
			path = LookViewController;
			sourceTree = "<group>";
		};
		14D093BA2A7A36A400DFF53B /* PopularTableView */ = {
			isa = PBXGroup;
			children = (
				14D093B52A7A369200DFF53B /* PopularTableViewCell.swift */,
				14D093B62A7A369200DFF53B /* PopularTableViewCell.xib */,
			);
			path = PopularTableView;
			sourceTree = "<group>";
		};
		14D093BB2A7A36AF00DFF53B /* RecentlyCollectionView */ = {
			isa = PBXGroup;
			children = (
				14D093B12A7A367B00DFF53B /* RecentlyCollectionViewCell.swift */,
				14D093B22A7A367B00DFF53B /* RecentlyCollectionViewCell.xib */,
			);
			path = RecentlyCollectionView;
			sourceTree = "<group>";
		};
		14FB24892A77B25A008FE6F4 /* Cell */ = {
			isa = PBXGroup;
			children = (
				1448EF672A779A80009BAC7F /* MovieCollectionViewCell.swift */,
				1448EF682A779A80009BAC7F /* MovieCollectionViewCell.xib */,
			);
			path = Cell;
			sourceTree = "<group>";
		};
		14FB248C2A77E16F008FE6F4 /* View */ = {
			isa = PBXGroup;
			children = (
			);
			path = View;
			sourceTree = "<group>";
		};
/* End PBXGroup section */

/* Begin PBXNativeTarget section */
		1448EF0C2A760F26009BAC7F /* MoiveList */ = {
			isa = PBXNativeTarget;
			buildConfigurationList = 1448EF212A760F28009BAC7F /* Build configuration list for PBXNativeTarget "MoiveList" */;
			buildPhases = (
				1448EF092A760F26009BAC7F /* Sources */,
				1448EF0A2A760F26009BAC7F /* Frameworks */,
				1448EF0B2A760F26009BAC7F /* Resources */,
			);
			buildRules = (
			);
			dependencies = (
			);
			name = MoiveList;
			packageProductDependencies = (
				1454B6BA2A821F8700B8FD01 /* Alamofire */,
				1454B6BD2A821F9200B8FD01 /* SwiftyJSON */,
			);
			productName = MoiveList;
			productReference = 1448EF0D2A760F26009BAC7F /* MoiveList.app */;
			productType = "com.apple.product-type.application";
		};
/* End PBXNativeTarget section */

/* Begin PBXProject section */
		1448EF052A760F26009BAC7F /* Project object */ = {
			isa = PBXProject;
			attributes = {
				BuildIndependentTargetsInParallel = 1;
				LastSwiftUpdateCheck = 1430;
				LastUpgradeCheck = 1430;
				TargetAttributes = {
					1448EF0C2A760F26009BAC7F = {
						CreatedOnToolsVersion = 14.3.1;
					};
				};
			};
			buildConfigurationList = 1448EF082A760F26009BAC7F /* Build configuration list for PBXProject "MoiveList" */;
			compatibilityVersion = "Xcode 14.0";
			developmentRegion = en;
			hasScannedForEncodings = 0;
			knownRegions = (
				en,
				Base,
			);
			mainGroup = 1448EF042A760F26009BAC7F;
			packageReferences = (
				1454B6B92A821F8700B8FD01 /* XCRemoteSwiftPackageReference "Alamofire" */,
				1454B6BC2A821F9200B8FD01 /* XCRemoteSwiftPackageReference "SwiftyJSON" */,
			);
			productRefGroup = 1448EF0E2A760F26009BAC7F /* Products */;
			projectDirPath = "";
			projectRoot = "";
			targets = (
				1448EF0C2A760F26009BAC7F /* MoiveList */,
			);
		};
/* End PBXProject section */

/* Begin PBXResourcesBuildPhase section */
		1448EF0B2A760F26009BAC7F /* Resources */ = {
			isa = PBXResourcesBuildPhase;
			buildActionMask = 2147483647;
			files = (
				14D093B42A7A367B00DFF53B /* RecentlyCollectionViewCell.xib in Resources */,
				1454B6C02A8222B900B8FD01 /* .gitignore in Resources */,
				1448EF1D2A760F28009BAC7F /* LaunchScreen.storyboard in Resources */,
				1448EF1A2A760F28009BAC7F /* Assets.xcassets in Resources */,
				1448EF182A760F26009BAC7F /* Main.storyboard in Resources */,
				1448EF6A2A779A80009BAC7F /* MovieCollectionViewCell.xib in Resources */,
				14D093B82A7A369200DFF53B /* PopularTableViewCell.xib in Resources */,
			);
			runOnlyForDeploymentPostprocessing = 0;
		};
/* End PBXResourcesBuildPhase section */

/* Begin PBXSourcesBuildPhase section */
		1448EF092A760F26009BAC7F /* Sources */ = {
			isa = PBXSourcesBuildPhase;
			buildActionMask = 2147483647;
			files = (
				1448EF6E2A77B129009BAC7F /* MovieDetailViewController.swift in Sources */,
				1454B6C42A8226E800B8FD01 /* LibraryCollectionViewCell.swift in Sources */,
				14D093B72A7A369200DFF53B /* PopularTableViewCell.swift in Sources */,
				1448EF6C2A77AB13009BAC7F /* SearchViewController.swift in Sources */,
				1448EF2A2A76204D009BAC7F /* MovieTableViewCell.swift in Sources */,
				1448EF152A760F26009BAC7F /* MovieTableViewController.swift in Sources */,
				14D093AE2A7A359100DFF53B /* LookViewController.swift in Sources */,
				1448EF2C2A762112009BAC7F /* Movie.swift in Sources */,
				1448EF112A760F26009BAC7F /* AppDelegate.swift in Sources */,
				1448EF692A779A80009BAC7F /* MovieCollectionViewCell.swift in Sources */,
				1448EF2E2A7633AA009BAC7F /* MovieDetailTableViewController.swift in Sources */,
				1454B6C22A8222DB00B8FD01 /* APIKey.swift in Sources */,
				1448EF252A760FC3009BAC7F /* MovieInfo.swift in Sources */,
				14FB248B2A77B97D008FE6F4 /* MainTabBarViewController.swift in Sources */,
				14D093B32A7A367B00DFF53B /* RecentlyCollectionViewCell.swift in Sources */,
				1448EF662A779A6E009BAC7F /* MovieCollectionViewController.swift in Sources */,
				1448EF132A760F26009BAC7F /* SceneDelegate.swift in Sources */,
			);
			runOnlyForDeploymentPostprocessing = 0;
		};
/* End PBXSourcesBuildPhase section */

/* Begin PBXVariantGroup section */
		1448EF162A760F26009BAC7F /* Main.storyboard */ = {
			isa = PBXVariantGroup;
			children = (
				1448EF172A760F26009BAC7F /* Base */,
			);
			name = Main.storyboard;
			sourceTree = "<group>";
		};
		1448EF1B2A760F28009BAC7F /* LaunchScreen.storyboard */ = {
			isa = PBXVariantGroup;
			children = (
				1448EF1C2A760F28009BAC7F /* Base */,
			);
			name = LaunchScreen.storyboard;
			sourceTree = "<group>";
		};
/* End PBXVariantGroup section */

/* Begin XCBuildConfiguration section */
		1448EF1F2A760F28009BAC7F /* Debug */ = {
			isa = XCBuildConfiguration;
			buildSettings = {
				ALWAYS_SEARCH_USER_PATHS = NO;
				CLANG_ANALYZER_NONNULL = YES;
				CLANG_ANALYZER_NUMBER_OBJECT_CONVERSION = YES_AGGRESSIVE;
				CLANG_CXX_LANGUAGE_STANDARD = "gnu++20";
				CLANG_ENABLE_MODULES = YES;
				CLANG_ENABLE_OBJC_ARC = YES;
				CLANG_ENABLE_OBJC_WEAK = YES;
				CLANG_WARN_BLOCK_CAPTURE_AUTORELEASING = YES;
				CLANG_WARN_BOOL_CONVERSION = YES;
				CLANG_WARN_COMMA = YES;
				CLANG_WARN_CONSTANT_CONVERSION = YES;
				CLANG_WARN_DEPRECATED_OBJC_IMPLEMENTATIONS = YES;
				CLANG_WARN_DIRECT_OBJC_ISA_USAGE = YES_ERROR;
				CLANG_WARN_DOCUMENTATION_COMMENTS = YES;
				CLANG_WARN_EMPTY_BODY = YES;
				CLANG_WARN_ENUM_CONVERSION = YES;
				CLANG_WARN_INFINITE_RECURSION = YES;
				CLANG_WARN_INT_CONVERSION = YES;
				CLANG_WARN_NON_LITERAL_NULL_CONVERSION = YES;
				CLANG_WARN_OBJC_IMPLICIT_RETAIN_SELF = YES;
				CLANG_WARN_OBJC_LITERAL_CONVERSION = YES;
				CLANG_WARN_OBJC_ROOT_CLASS = YES_ERROR;
				CLANG_WARN_QUOTED_INCLUDE_IN_FRAMEWORK_HEADER = YES;
				CLANG_WARN_RANGE_LOOP_ANALYSIS = YES;
				CLANG_WARN_STRICT_PROTOTYPES = YES;
				CLANG_WARN_SUSPICIOUS_MOVE = YES;
				CLANG_WARN_UNGUARDED_AVAILABILITY = YES_AGGRESSIVE;
				CLANG_WARN_UNREACHABLE_CODE = YES;
				CLANG_WARN__DUPLICATE_METHOD_MATCH = YES;
				COPY_PHASE_STRIP = NO;
				DEBUG_INFORMATION_FORMAT = dwarf;
				ENABLE_STRICT_OBJC_MSGSEND = YES;
				ENABLE_TESTABILITY = YES;
				GCC_C_LANGUAGE_STANDARD = gnu11;
				GCC_DYNAMIC_NO_PIC = NO;
				GCC_NO_COMMON_BLOCKS = YES;
				GCC_OPTIMIZATION_LEVEL = 0;
				GCC_PREPROCESSOR_DEFINITIONS = (
					"DEBUG=1",
					"$(inherited)",
				);
				GCC_WARN_64_TO_32_BIT_CONVERSION = YES;
				GCC_WARN_ABOUT_RETURN_TYPE = YES_ERROR;
				GCC_WARN_UNDECLARED_SELECTOR = YES;
				GCC_WARN_UNINITIALIZED_AUTOS = YES_AGGRESSIVE;
				GCC_WARN_UNUSED_FUNCTION = YES;
				GCC_WARN_UNUSED_VARIABLE = YES;
				IPHONEOS_DEPLOYMENT_TARGET = 16.4;
				MTL_ENABLE_DEBUG_INFO = INCLUDE_SOURCE;
				MTL_FAST_MATH = YES;
				ONLY_ACTIVE_ARCH = YES;
				SDKROOT = iphoneos;
				SWIFT_ACTIVE_COMPILATION_CONDITIONS = DEBUG;
				SWIFT_OPTIMIZATION_LEVEL = "-Onone";
			};
			name = Debug;
		};
		1448EF202A760F28009BAC7F /* Release */ = {
			isa = XCBuildConfiguration;
			buildSettings = {
				ALWAYS_SEARCH_USER_PATHS = NO;
				CLANG_ANALYZER_NONNULL = YES;
				CLANG_ANALYZER_NUMBER_OBJECT_CONVERSION = YES_AGGRESSIVE;
				CLANG_CXX_LANGUAGE_STANDARD = "gnu++20";
				CLANG_ENABLE_MODULES = YES;
				CLANG_ENABLE_OBJC_ARC = YES;
				CLANG_ENABLE_OBJC_WEAK = YES;
				CLANG_WARN_BLOCK_CAPTURE_AUTORELEASING = YES;
				CLANG_WARN_BOOL_CONVERSION = YES;
				CLANG_WARN_COMMA = YES;
				CLANG_WARN_CONSTANT_CONVERSION = YES;
				CLANG_WARN_DEPRECATED_OBJC_IMPLEMENTATIONS = YES;
				CLANG_WARN_DIRECT_OBJC_ISA_USAGE = YES_ERROR;
				CLANG_WARN_DOCUMENTATION_COMMENTS = YES;
				CLANG_WARN_EMPTY_BODY = YES;
				CLANG_WARN_ENUM_CONVERSION = YES;
				CLANG_WARN_INFINITE_RECURSION = YES;
				CLANG_WARN_INT_CONVERSION = YES;
				CLANG_WARN_NON_LITERAL_NULL_CONVERSION = YES;
				CLANG_WARN_OBJC_IMPLICIT_RETAIN_SELF = YES;
				CLANG_WARN_OBJC_LITERAL_CONVERSION = YES;
				CLANG_WARN_OBJC_ROOT_CLASS = YES_ERROR;
				CLANG_WARN_QUOTED_INCLUDE_IN_FRAMEWORK_HEADER = YES;
				CLANG_WARN_RANGE_LOOP_ANALYSIS = YES;
				CLANG_WARN_STRICT_PROTOTYPES = YES;
				CLANG_WARN_SUSPICIOUS_MOVE = YES;
				CLANG_WARN_UNGUARDED_AVAILABILITY = YES_AGGRESSIVE;
				CLANG_WARN_UNREACHABLE_CODE = YES;
				CLANG_WARN__DUPLICATE_METHOD_MATCH = YES;
				COPY_PHASE_STRIP = NO;
				DEBUG_INFORMATION_FORMAT = "dwarf-with-dsym";
				ENABLE_NS_ASSERTIONS = NO;
				ENABLE_STRICT_OBJC_MSGSEND = YES;
				GCC_C_LANGUAGE_STANDARD = gnu11;
				GCC_NO_COMMON_BLOCKS = YES;
				GCC_WARN_64_TO_32_BIT_CONVERSION = YES;
				GCC_WARN_ABOUT_RETURN_TYPE = YES_ERROR;
				GCC_WARN_UNDECLARED_SELECTOR = YES;
				GCC_WARN_UNINITIALIZED_AUTOS = YES_AGGRESSIVE;
				GCC_WARN_UNUSED_FUNCTION = YES;
				GCC_WARN_UNUSED_VARIABLE = YES;
				IPHONEOS_DEPLOYMENT_TARGET = 16.4;
				MTL_ENABLE_DEBUG_INFO = NO;
				MTL_FAST_MATH = YES;
				SDKROOT = iphoneos;
				SWIFT_COMPILATION_MODE = wholemodule;
				SWIFT_OPTIMIZATION_LEVEL = "-O";
				VALIDATE_PRODUCT = YES;
			};
			name = Release;
		};
		1448EF222A760F28009BAC7F /* Debug */ = {
			isa = XCBuildConfiguration;
			buildSettings = {
				ASSETCATALOG_COMPILER_APPICON_NAME = AppIcon;
				ASSETCATALOG_COMPILER_GLOBAL_ACCENT_COLOR_NAME = AccentColor;
				CODE_SIGN_STYLE = Automatic;
				CURRENT_PROJECT_VERSION = 1;
				DEVELOPMENT_TEAM = DD66GTY4AT;
				GENERATE_INFOPLIST_FILE = YES;
				INFOPLIST_FILE = MoiveList/Info.plist;
				INFOPLIST_KEY_UIApplicationSupportsIndirectInputEvents = YES;
				INFOPLIST_KEY_UILaunchStoryboardName = LaunchScreen;
				INFOPLIST_KEY_UIMainStoryboardFile = Main;
				INFOPLIST_KEY_UISupportedInterfaceOrientations_iPad = "UIInterfaceOrientationPortrait UIInterfaceOrientationPortraitUpsideDown UIInterfaceOrientationLandscapeLeft UIInterfaceOrientationLandscapeRight";
				INFOPLIST_KEY_UISupportedInterfaceOrientations_iPhone = "UIInterfaceOrientationPortrait UIInterfaceOrientationLandscapeLeft UIInterfaceOrientationLandscapeRight";
				LD_RUNPATH_SEARCH_PATHS = (
					"$(inherited)",
					"@executable_path/Frameworks",
				);
				MARKETING_VERSION = 1.0;
				PRODUCT_BUNDLE_IDENTIFIER = com.raehoon.MoiveList;
				PRODUCT_NAME = "$(TARGET_NAME)";
				SUPPORTED_PLATFORMS = "iphoneos iphonesimulator";
				SUPPORTS_MACCATALYST = NO;
				SUPPORTS_MAC_DESIGNED_FOR_IPHONE_IPAD = NO;
				SWIFT_EMIT_LOC_STRINGS = YES;
				SWIFT_VERSION = 5.0;
				TARGETED_DEVICE_FAMILY = 1;
			};
			name = Debug;
		};
		1448EF232A760F28009BAC7F /* Release */ = {
			isa = XCBuildConfiguration;
			buildSettings = {
				ASSETCATALOG_COMPILER_APPICON_NAME = AppIcon;
				ASSETCATALOG_COMPILER_GLOBAL_ACCENT_COLOR_NAME = AccentColor;
				CODE_SIGN_STYLE = Automatic;
				CURRENT_PROJECT_VERSION = 1;
				DEVELOPMENT_TEAM = DD66GTY4AT;
				GENERATE_INFOPLIST_FILE = YES;
				INFOPLIST_FILE = MoiveList/Info.plist;
				INFOPLIST_KEY_UIApplicationSupportsIndirectInputEvents = YES;
				INFOPLIST_KEY_UILaunchStoryboardName = LaunchScreen;
				INFOPLIST_KEY_UIMainStoryboardFile = Main;
				INFOPLIST_KEY_UISupportedInterfaceOrientations_iPad = "UIInterfaceOrientationPortrait UIInterfaceOrientationPortraitUpsideDown UIInterfaceOrientationLandscapeLeft UIInterfaceOrientationLandscapeRight";
				INFOPLIST_KEY_UISupportedInterfaceOrientations_iPhone = "UIInterfaceOrientationPortrait UIInterfaceOrientationLandscapeLeft UIInterfaceOrientationLandscapeRight";
				LD_RUNPATH_SEARCH_PATHS = (
					"$(inherited)",
					"@executable_path/Frameworks",
				);
				MARKETING_VERSION = 1.0;
				PRODUCT_BUNDLE_IDENTIFIER = com.raehoon.MoiveList;
				PRODUCT_NAME = "$(TARGET_NAME)";
				SUPPORTED_PLATFORMS = "iphoneos iphonesimulator";
				SUPPORTS_MACCATALYST = NO;
				SUPPORTS_MAC_DESIGNED_FOR_IPHONE_IPAD = NO;
				SWIFT_EMIT_LOC_STRINGS = YES;
				SWIFT_VERSION = 5.0;
				TARGETED_DEVICE_FAMILY = 1;
			};
			name = Release;
		};
/* End XCBuildConfiguration section */

/* Begin XCConfigurationList section */
		1448EF082A760F26009BAC7F /* Build configuration list for PBXProject "MoiveList" */ = {
			isa = XCConfigurationList;
			buildConfigurations = (
				1448EF1F2A760F28009BAC7F /* Debug */,
				1448EF202A760F28009BAC7F /* Release */,
			);
			defaultConfigurationIsVisible = 0;
			defaultConfigurationName = Release;
		};
		1448EF212A760F28009BAC7F /* Build configuration list for PBXNativeTarget "MoiveList" */ = {
			isa = XCConfigurationList;
			buildConfigurations = (
				1448EF222A760F28009BAC7F /* Debug */,
				1448EF232A760F28009BAC7F /* Release */,
			);
			defaultConfigurationIsVisible = 0;
			defaultConfigurationName = Release;
		};
/* End XCConfigurationList section */

/* Begin XCRemoteSwiftPackageReference section */
		1454B6B92A821F8700B8FD01 /* XCRemoteSwiftPackageReference "Alamofire" */ = {
			isa = XCRemoteSwiftPackageReference;
			repositoryURL = "https://github.com/Alamofire/Alamofire";
			requirement = {
				kind = upToNextMajorVersion;
				minimumVersion = 5.0.0;
			};
		};
		1454B6BC2A821F9200B8FD01 /* XCRemoteSwiftPackageReference "SwiftyJSON" */ = {
			isa = XCRemoteSwiftPackageReference;
			repositoryURL = "https://github.com/SwiftyJSON/SwiftyJSON.git";
			requirement = {
				kind = upToNextMajorVersion;
				minimumVersion = 5.0.0;
			};
		};
/* End XCRemoteSwiftPackageReference section */

/* Begin XCSwiftPackageProductDependency section */
		1454B6BA2A821F8700B8FD01 /* Alamofire */ = {
			isa = XCSwiftPackageProductDependency;
			package = 1454B6B92A821F8700B8FD01 /* XCRemoteSwiftPackageReference "Alamofire" */;
			productName = Alamofire;
		};
		1454B6BD2A821F9200B8FD01 /* SwiftyJSON */ = {
			isa = XCSwiftPackageProductDependency;
			package = 1454B6BC2A821F9200B8FD01 /* XCRemoteSwiftPackageReference "SwiftyJSON" */;
			productName = SwiftyJSON;
		};
/* End XCSwiftPackageProductDependency section */
	};
	rootObject = 1448EF052A760F26009BAC7F /* Project object */;
}
